[[package]]
name = "arc-swap"
version = "0.1.0"

[[package]]
name = "benchmarks"
version = "0.1.0"
dependencies = [
 "arc-swap 0.1.0",
 "crossbeam-utils 0.4.0 (registry+https://github.com/rust-lang/crates.io-index)",
]

[[package]]
name = "crossbeam-utils"
version = "0.4.0"
source = "registry+https://github.com/rust-lang/crates.io-index"

[metadata]
"checksum crossbeam-utils 0.4.0 (registry+https://github.com/rust-lang/crates.io-index)" = "b71f220442ed14749909b543d4dd7ec3918cb1fe289fd96e88d0abe6ca049783"
